
Microsoft Visual Studio Solution File, Format Version 12.00
# Visual Studio Version 16
VisualStudioVersion = 16.0.31702.278
MinimumVisualStudioVersion = 10.0.40219.1
Project("{9A19103F-16F7-4668-BE54-9A1E7A4F7556}") = "SpaceGame", "SpaceGame\SpaceGame.csproj", "{1A2ECA92-31E7-4545-9E63-86A0A819F657}"
EndProject
Project("{FAE04EC0-301F-11D3-BF4B-00C04F79EFBC}") = "SpaceGameTest", "SpaceGameTest\SpaceGameTest.csproj", "{3CB099B5-F078-47C4-A93C-732EC2F578A3}"
EndProject
Project("{FAE04EC0-301F-11D3-BF4B-00C04F79EFBC}") = "pre", "pre\pre.csproj", "{A54B84E1-739D-4EDA-8650-ABEC59AC1536}"
EndProject
Global
	GlobalSection(SolutionConfigurationPlatforms) = preSolution
		Debug|Any CPU = Debug|Any CPU
		Release|Any CPU = Release|Any CPU
	EndGlobalSection
	GlobalSection(ProjectConfigurationPlatforms) = postSolution
		{1A2ECA92-31E7-4545-9E63-86A0A819F657}.Debug|Any CPU.ActiveCfg = Debug|Any CPU
		{1A2ECA92-31E7-4545-9E63-86A0A819F657}.Debug|Any CPU.Build.0 = Debug|Any CPU
		{1A2ECA92-31E7-4545-9E63-86A0A819F657}.Release|Any CPU.ActiveCfg = Release|Any CPU
		{1A2ECA92-31E7-4545-9E63-86A0A819F657}.Release|Any CPU.Build.0 = Release|Any CPU
		{3CB099B5-F078-47C4-A93C-732EC2F578A3}.Debug|Any CPU.ActiveCfg = Debug|Any CPU
		{3CB099B5-F078-47C4-A93C-732EC2F578A3}.Debug|Any CPU.Build.0 = Debug|Any CPU
		{3CB099B5-F078-47C4-A93C-732EC2F578A3}.Release|Any CPU.ActiveCfg = Release|Any CPU
		{3CB099B5-F078-47C4-A93C-732EC2F578A3}.Release|Any CPU.Build.0 = Release|Any CPU
		{A54B84E1-739D-4EDA-8650-ABEC59AC1536}.Debug|Any CPU.ActiveCfg = Debug|Any CPU
		{A54B84E1-739D-4EDA-8650-ABEC59AC1536}.Debug|Any CPU.Build.0 = Debug|Any CPU
		{A54B84E1-739D-4EDA-8650-ABEC59AC1536}.Release|Any CPU.ActiveCfg = Release|Any CPU
		{A54B84E1-739D-4EDA-8650-ABEC59AC1536}.Release|Any CPU.Build.0 = Release|Any CPU
	EndGlobalSection
	GlobalSection(SolutionProperties) = preSolution
		HideSolutionNode = FALSE
	EndGlobalSection
	GlobalSection(ExtensibilityGlobals) = postSolution
		SolutionGuid = {F84591FC-7A4B-43F5-AC90-17AA94DB6498}
	EndGlobalSection
EndGlobal
